
Microsoft Visual Studio Solution File, Format Version 12.00
# Visual Studio 14
VisualStudioVersion = 14.0.23107.0
MinimumVisualStudioVersion = 10.0.40219.1
Project("{FAE04EC0-301F-11D3-BF4B-00C04F79EFBC}") = "ServicioWCF", "ServicioWCF\ServicioWCF.csproj", "{AC714D9D-D860-4457-ACDA-75396BFA3405}"
	ProjectSection(ProjectDependencies) = postProject
		{AA35310D-A975-4449-8740-08A7EE409756} = {AA35310D-A975-4449-8740-08A7EE409756}
	EndProjectSection
EndProject
Project("{FAE04EC0-301F-11D3-BF4B-00C04F79EFBC}") = "WcfService", "WcfService\WcfService.csproj", "{AA35310D-A975-4449-8740-08A7EE409756}"
EndProject
Global
	GlobalSection(SolutionConfigurationPlatforms) = preSolution
		Debug|Any CPU = Debug|Any CPU
		Release|Any CPU = Release|Any CPU
	EndGlobalSection
	GlobalSection(ProjectConfigurationPlatforms) = postSolution
		{AC714D9D-D860-4457-ACDA-75396BFA3405}.Debug|Any CPU.ActiveCfg = Debug|Any CPU
		{AC714D9D-D860-4457-ACDA-75396BFA3405}.Debug|Any CPU.Build.0 = Debug|Any CPU
		{AC714D9D-D860-4457-ACDA-75396BFA3405}.Release|Any CPU.ActiveCfg = Release|Any CPU
		{AC714D9D-D860-4457-ACDA-75396BFA3405}.Release|Any CPU.Build.0 = Release|Any CPU
		{AA35310D-A975-4449-8740-08A7EE409756}.Debug|Any CPU.ActiveCfg = Debug|Any CPU
		{AA35310D-A975-4449-8740-08A7EE409756}.Debug|Any CPU.Build.0 = Debug|Any CPU
		{AA35310D-A975-4449-8740-08A7EE409756}.Release|Any CPU.ActiveCfg = Release|Any CPU
		{AA35310D-A975-4449-8740-08A7EE409756}.Release|Any CPU.Build.0 = Release|Any CPU
	EndGlobalSection
	GlobalSection(SolutionProperties) = preSolution
		HideSolutionNode = FALSE
	EndGlobalSection
EndGlobal
